Microsoft Visual Studio Solution File, Format Version 12.00
# Visual Studio 15
VisualStudioVersion = 15.0.27130.2026
MinimumVisualStudioVersion = 10.0.40219.1
Project("{D954291E-2A0B-460D-934E-DC6B0785DB48}") = "XFiOSControl", "XFiOSControl\XFiOSControl.shproj", "{1DDAB9B6-4572-4317-8F81-970643EDA2AC}"
EndProject
Project("{FAE04EC0-301F-11D3-BF4B-00C04F79EFBC}") = "XFiOSControl.iOS", "iOS\XFiOSControl.iOS.csproj", "{003BBC15-0E63-4D8A-B4AE-D1BC1F209448}"
EndProject
Global
	GlobalSection(SharedMSBuildProjectFiles) = preSolution
		XFiOSControl\XFiOSControl.projitems*{003bbc15-0e63-4d8a-b4ae-d1bc1f209448}*SharedItemsImports = 4
		XFiOSControl\XFiOSControl.projitems*{1ddab9b6-4572-4317-8f81-970643eda2ac}*SharedItemsImports = 13
	EndGlobalSection
	GlobalSection(SolutionConfigurationPlatforms) = preSolution
		Debug|iPhone = Debug|iPhone
		Debug|iPhoneSimulator = Debug|iPhoneSimulator
		Release|iPhone = Release|iPhone
		Release|iPhoneSimulator = Release|iPhoneSimulator
	EndGlobalSection
	GlobalSection(ProjectConfigurationPlatforms) = postSolution
		{003BBC15-0E63-4D8A-B4AE-D1BC1F209448}.Debug|iPhone.ActiveCfg = Debug|iPhone
		{003BBC15-0E63-4D8A-B4AE-D1BC1F209448}.Debug|iPhone.Build.0 = Debug|iPhone
		{003BBC15-0E63-4D8A-B4AE-D1BC1F209448}.Debug|iPhoneSimulator.ActiveCfg = Debug|iPhoneSimulator
		{003BBC15-0E63-4D8A-B4AE-D1BC1F209448}.Debug|iPhoneSimulator.Build.0 = Debug|iPhoneSimulator
		{003BBC15-0E63-4D8A-B4AE-D1BC1F209448}.Release|iPhone.ActiveCfg = Release|iPhone
		{003BBC15-0E63-4D8A-B4AE-D1BC1F209448}.Release|iPhone.Build.0 = Release|iPhone
		{003BBC15-0E63-4D8A-B4AE-D1BC1F209448}.Release|iPhoneSimulator.ActiveCfg = Release|iPhoneSimulator
		{003BBC15-0E63-4D8A-B4AE-D1BC1F209448}.Release|iPhoneSimulator.Build.0 = Release|iPhoneSimulator
	EndGlobalSection
	GlobalSection(SolutionProperties) = preSolution
		HideSolutionNode = FALSE
	EndGlobalSection
	GlobalSection(ExtensibilityGlobals) = postSolution
		SolutionGuid = {2C8A1ACC-F3B1-47C3-B97C-EC556A700ACA}
	EndGlobalSection
EndGlobal
